// !$*UTF8*$!
{
	archiveVersion = 1;
	classes = {
	};
	objectVersion = 51;
	objects = {

/* Begin PBXBuildFile section */
		5527B66E248F9C5700E9CF5D /* ShopDetailViewController.swift in Sources */ = {isa = PBXBuildFile; fileRef = 5527B66D248F9C5700E9CF5D /* ShopDetailViewController.swift */; };
		5527B671248FD3D500E9CF5D /* ShopDetailListCell.swift in Sources */ = {isa = PBXBuildFile; fileRef = 5527B66F248FD3D500E9CF5D /* ShopDetailListCell.swift */; };
		5527B672248FD3D500E9CF5D /* ShopDetailListCell.xib in Resources */ = {isa = PBXBuildFile; fileRef = 5527B670248FD3D500E9CF5D /* ShopDetailListCell.xib */; };
		5527B674248FDCD100E9CF5D /* StaticData.swift in Sources */ = {isa = PBXBuildFile; fileRef = 5527B673248FDCD100E9CF5D /* StaticData.swift */; };
		552E265424921893005F252E /* GoogleService-Info.plist in Resources */ = {isa = PBXBuildFile; fileRef = 552E265324921893005F252E /* GoogleService-Info.plist */; };
		552E265624921CB0005F252E /* FavoriteViewPresenter.swift in Sources */ = {isa = PBXBuildFile; fileRef = 552E265524921CB0005F252E /* FavoriteViewPresenter.swift */; };
		552E265824921D90005F252E /* ShopDetailViewPresenter.swift in Sources */ = {isa = PBXBuildFile; fileRef = 552E265724921D90005F252E /* ShopDetailViewPresenter.swift */; };
		5553835C248B42E9006D5B7D /* AppDelegate.swift in Sources */ = {isa = PBXBuildFile; fileRef = 5553835B248B42E9006D5B7D /* AppDelegate.swift */; };
		5553835E248B42E9006D5B7D /* SceneDelegate.swift in Sources */ = {isa = PBXBuildFile; fileRef = 5553835D248B42E9006D5B7D /* SceneDelegate.swift */; };
		55538360248B42E9006D5B7D /* FirstViewController.swift in Sources */ = {isa = PBXBuildFile; fileRef = 5553835F248B42E9006D5B7D /* FirstViewController.swift */; };
		55538363248B42E9006D5B7D /* Main.storyboard in Resources */ = {isa = PBXBuildFile; fileRef = 55538361248B42E9006D5B7D /* Main.storyboard */; };
		55538365248B42EB006D5B7D /* Assets.xcassets in Resources */ = {isa = PBXBuildFile; fileRef = 55538364248B42EB006D5B7D /* Assets.xcassets */; };
		55538368248B42EB006D5B7D /* LaunchScreen.storyboard in Resources */ = {isa = PBXBuildFile; fileRef = 55538366248B42EB006D5B7D /* LaunchScreen.storyboard */; };
		55538370248B7E55006D5B7D /* FavoriteViewController.swift in Sources */ = {isa = PBXBuildFile; fileRef = 5553836F248B7E55006D5B7D /* FavoriteViewController.swift */; };
		55538375248BE54E006D5B7D /* FirstViewPresenter.swift in Sources */ = {isa = PBXBuildFile; fileRef = 55538374248BE54E006D5B7D /* FirstViewPresenter.swift */; };
		55538378248BE6F8006D5B7D /* CategoryCollectionCell.swift in Sources */ = {isa = PBXBuildFile; fileRef = 55538376248BE6F8006D5B7D /* CategoryCollectionCell.swift */; };
		5553837A248BECF0006D5B7D /* CategoryCollectionCell.xib in Resources */ = {isa = PBXBuildFile; fileRef = 55538377248BE6F8006D5B7D /* CategoryCollectionCell.xib */; };
		5553837C248CDD1C006D5B7D /* Entity.swift in Sources */ = {isa = PBXBuildFile; fileRef = 5553837B248CDD1C006D5B7D /* Entity.swift */; };
		55612D64248EA12E000C1A05 /* GourmetData.swift in Sources */ = {isa = PBXBuildFile; fileRef = 55612D63248EA12E000C1A05 /* GourmetData.swift */; };
		55612D66248EDA0A000C1A05 /* GourmetListViewController.swift in Sources */ = {isa = PBXBuildFile; fileRef = 55612D65248EDA0A000C1A05 /* GourmetListViewController.swift */; };
		55612D68248EDB47000C1A05 /* GourmetListViewPresenter.swift in Sources */ = {isa = PBXBuildFile; fileRef = 55612D67248EDB47000C1A05 /* GourmetListViewPresenter.swift */; };
		55612D6B248EDB7F000C1A05 /* ShopListCell.swift in Sources */ = {isa = PBXBuildFile; fileRef = 55612D69248EDB7F000C1A05 /* ShopListCell.swift */; };
		55612D6C248EDB7F000C1A05 /* ShopListCell.xib in Resources */ = {isa = PBXBuildFile; fileRef = 55612D6A248EDB7F000C1A05 /* ShopListCell.xib */; };
		76FD69C363A43FB87528EE7B /* Pods_GourmetSearch.framework in Frameworks */ = {isa = PBXBuildFile; fileRef = 49634AB1F2235B1EB9BB6A6C /* Pods_GourmetSearch.framework */; };
/* End PBXBuildFile section */

/* Begin PBXFileReference section */
		05865FB615D28F37C16E1B96 /* Pods-GourmetSearch.release.xcconfig */ = {isa = PBXFileReference; includeInIndex = 1; lastKnownFileType = text.xcconfig; name = "Pods-GourmetSearch.release.xcconfig"; path = "Target Support Files/Pods-GourmetSearch/Pods-GourmetSearch.release.xcconfig"; sourceTree = "<group>"; };
		0E11EF3292154DB1D302CE15 /* Pods-GourmetSearch.debug.xcconfig */ = {isa = PBXFileReference; includeInIndex = 1; lastKnownFileType = text.xcconfig; name = "Pods-GourmetSearch.debug.xcconfig"; path = "Target Support Files/Pods-GourmetSearch/Pods-GourmetSearch.debug.xcconfig"; sourceTree = "<group>"; };
		49634AB1F2235B1EB9BB6A6C /* Pods_GourmetSearch.framework */ = {isa = PBXFileReference; explicitFileType = wrapper.framework; includeInIndex = 0; path = Pods_GourmetSearch.framework; sourceTree = BUILT_PRODUCTS_DIR; };
		5527B66D248F9C5700E9CF5D /* ShopDetailViewController.swift */ = {isa = PBXFileReference; lastKnownFileType = sourcecode.swift; path = ShopDetailViewController.swift; sourceTree = "<group>"; };
		5527B66F248FD3D500E9CF5D /* ShopDetailListCell.swift */ = {isa = PBXFileReference; lastKnownFileType = sourcecode.swift; path = ShopDetailListCell.swift; sourceTree = "<group>"; };
		5527B670248FD3D500E9CF5D /* ShopDetailListCell.xib */ = {isa = PBXFileReference; lastKnownFileType = file.xib; path = ShopDetailListCell.xib; sourceTree = "<group>"; };
		5527B673248FDCD100E9CF5D /* StaticData.swift */ = {isa = PBXFileReference; lastKnownFileType = sourcecode.swift; path = StaticData.swift; sourceTree = "<group>"; };
		552E265324921893005F252E /* GoogleService-Info.plist */ = {isa = PBXFileReference; fileEncoding = 4; lastKnownFileType = text.plist.xml; path = "GoogleService-Info.plist"; sourceTree = "<group>"; };
		552E265524921CB0005F252E /* FavoriteViewPresenter.swift */ = {isa = PBXFileReference; lastKnownFileType = sourcecode.swift; path = FavoriteViewPresenter.swift; sourceTree = "<group>"; };
		552E265724921D90005F252E /* ShopDetailViewPresenter.swift */ = {isa = PBXFileReference; lastKnownFileType = sourcecode.swift; path = ShopDetailViewPresenter.swift; sourceTree = "<group>"; };
		55538358248B42E9006D5B7D /* GourmetSearch.app */ = {isa = PBXFileReference; explicitFileType = wrapper.application; includeInIndex = 0; path = GourmetSearch.app; sourceTree = BUILT_PRODUCTS_DIR; };
		5553835B248B42E9006D5B7D /* AppDelegate.swift */ = {isa = PBXFileReference; lastKnownFileType = sourcecode.swift; path = AppDelegate.swift; sourceTree = "<group>"; };
		5553835D248B42E9006D5B7D /* SceneDelegate.swift */ = {isa = PBXFileReference; lastKnownFileType = sourcecode.swift; path = SceneDelegate.swift; sourceTree = "<group>"; };
		5553835F248B42E9006D5B7D /* FirstViewController.swift */ = {isa = PBXFileReference; lastKnownFileType = sourcecode.swift; path = FirstViewController.swift; sourceTree = "<group>"; };
		55538362248B42E9006D5B7D /* Base */ = {isa = PBXFileReference; lastKnownFileType = file.storyboard; name = Base; path = Base.lproj/Main.storyboard; sourceTree = "<group>"; };
		55538364248B42EB006D5B7D /* Assets.xcassets */ = {isa = PBXFileReference; lastKnownFileType = folder.assetcatalog; path = Assets.xcassets; sourceTree = "<group>"; };
		55538367248B42EB006D5B7D /* Base */ = {isa = PBXFileReference; lastKnownFileType = file.storyboard; name = Base; path = Base.lproj/LaunchScreen.storyboard; sourceTree = "<group>"; };
		55538369248B42EB006D5B7D /* Info.plist */ = {isa = PBXFileReference; lastKnownFileType = text.plist.xml; path = Info.plist; sourceTree = "<group>"; };
		5553836F248B7E55006D5B7D /* FavoriteViewController.swift */ = {isa = PBXFileReference; lastKnownFileType = sourcecode.swift; path = FavoriteViewController.swift; sourceTree = "<group>"; };
		55538374248BE54E006D5B7D /* FirstViewPresenter.swift */ = {isa = PBXFileReference; lastKnownFileType = sourcecode.swift; path = FirstViewPresenter.swift; sourceTree = "<group>"; };
		55538376248BE6F8006D5B7D /* CategoryCollectionCell.swift */ = {isa = PBXFileReference; lastKnownFileType = sourcecode.swift; path = CategoryCollectionCell.swift; sourceTree = "<group>"; };
		55538377248BE6F8006D5B7D /* CategoryCollectionCell.xib */ = {isa = PBXFileReference; lastKnownFileType = file.xib; path = CategoryCollectionCell.xib; sourceTree = "<group>"; };
		5553837B248CDD1C006D5B7D /* Entity.swift */ = {isa = PBXFileReference; lastKnownFileType = sourcecode.swift; path = Entity.swift; sourceTree = "<group>"; };
		55612D63248EA12E000C1A05 /* GourmetData.swift */ = {isa = PBXFileReference; lastKnownFileType = sourcecode.swift; path = GourmetData.swift; sourceTree = "<group>"; };
		55612D65248EDA0A000C1A05 /* GourmetListViewController.swift */ = {isa = PBXFileReference; lastKnownFileType = sourcecode.swift; path = GourmetListViewController.swift; sourceTree = "<group>"; };
		55612D67248EDB47000C1A05 /* GourmetListViewPresenter.swift */ = {isa = PBXFileReference; lastKnownFileType = sourcecode.swift; path = GourmetListViewPresenter.swift; sourceTree = "<group>"; };
		55612D69248EDB7F000C1A05 /* ShopListCell.swift */ = {isa = PBXFileReference; lastKnownFileType = sourcecode.swift; path = ShopListCell.swift; sourceTree = "<group>"; };
		55612D6A248EDB7F000C1A05 /* ShopListCell.xib */ = {isa = PBXFileReference; lastKnownFileType = file.xib; path = ShopListCell.xib; sourceTree = "<group>"; };
/* End PBXFileReference section */

/* Begin PBXFrameworksBuildPhase section */
		55538355248B42E9006D5B7D /* Frameworks */ = {
			isa = PBXFrameworksBuildPhase;
			buildActionMask = 2147483647;
			files = (
				76FD69C363A43FB87528EE7B /* Pods_GourmetSearch.framework in Frameworks */,
			);
			runOnlyForDeploymentPostprocessing = 0;
		};
/* End PBXFrameworksBuildPhase section */

/* Begin PBXGroup section */
		5553834F248B42E9006D5B7D = {
			isa = PBXGroup;
			children = (
				5553835A248B42E9006D5B7D /* GourmetSearch */,
				55538359248B42E9006D5B7D /* Products */,
				93931FDC696AE1019C39A635 /* Pods */,
				BB3EE121E50D8932A390B649 /* Frameworks */,
			);
			sourceTree = "<group>";
		};
		55538359248B42E9006D5B7D /* Products */ = {
			isa = PBXGroup;
			children = (
				55538358248B42E9006D5B7D /* GourmetSearch.app */,
			);
			name = Products;
			sourceTree = "<group>";
		};
		5553835A248B42E9006D5B7D /* GourmetSearch */ = {
			isa = PBXGroup;
			children = (
				55538373248B7EA6006D5B7D /* Model */,
				55538372248B7E8D006D5B7D /* Presenter */,
				55538371248B7E73006D5B7D /* View */,
				5553835B248B42E9006D5B7D /* AppDelegate.swift */,
				5553835D248B42E9006D5B7D /* SceneDelegate.swift */,
				55538364248B42EB006D5B7D /* Assets.xcassets */,
				55538366248B42EB006D5B7D /* LaunchScreen.storyboard */,
				55538369248B42EB006D5B7D /* Info.plist */,
				552E265324921893005F252E /* GoogleService-Info.plist */,
			);
			path = GourmetSearch;
			sourceTree = "<group>";
		};
		55538371248B7E73006D5B7D /* View */ = {
			isa = PBXGroup;
			children = (
				5553835F248B42E9006D5B7D /* FirstViewController.swift */,
				55612D65248EDA0A000C1A05 /* GourmetListViewController.swift */,
				5527B66D248F9C5700E9CF5D /* ShopDetailViewController.swift */,
				5553836F248B7E55006D5B7D /* FavoriteViewController.swift */,
				55538361248B42E9006D5B7D /* Main.storyboard */,
				55538376248BE6F8006D5B7D /* CategoryCollectionCell.swift */,
				55538377248BE6F8006D5B7D /* CategoryCollectionCell.xib */,
				55612D69248EDB7F000C1A05 /* ShopListCell.swift */,
				55612D6A248EDB7F000C1A05 /* ShopListCell.xib */,
				5527B66F248FD3D500E9CF5D /* ShopDetailListCell.swift */,
				5527B670248FD3D500E9CF5D /* ShopDetailListCell.xib */,
			);
			path = View;
			sourceTree = "<group>";
		};
		55538372248B7E8D006D5B7D /* Presenter */ = {
			isa = PBXGroup;
			children = (
				55538374248BE54E006D5B7D /* FirstViewPresenter.swift */,
				55612D67248EDB47000C1A05 /* GourmetListViewPresenter.swift */,
				552E265724921D90005F252E /* ShopDetailViewPresenter.swift */,
				552E265524921CB0005F252E /* FavoriteViewPresenter.swift */,
			);
			path = Presenter;
			sourceTree = "<group>";
		};
		55538373248B7EA6006D5B7D /* Model */ = {
			isa = PBXGroup;
			children = (
				5553837B248CDD1C006D5B7D /* Entity.swift */,
				55612D63248EA12E000C1A05 /* GourmetData.swift */,
				5527B673248FDCD100E9CF5D /* StaticData.swift */,
			);
			path = Model;
			sourceTree = "<group>";
		};
		93931FDC696AE1019C39A635 /* Pods */ = {
			isa = PBXGroup;
			children = (
				0E11EF3292154DB1D302CE15 /* Pods-GourmetSearch.debug.xcconfig */,
				05865FB615D28F37C16E1B96 /* Pods-GourmetSearch.release.xcconfig */,
			);
			path = Pods;
			sourceTree = "<group>";
		};
		BB3EE121E50D8932A390B649 /* Frameworks */ = {
			isa = PBXGroup;
			children = (
				49634AB1F2235B1EB9BB6A6C /* Pods_GourmetSearch.framework */,
			);
			name = Frameworks;
			sourceTree = "<group>";
		};
/* End PBXGroup section */

/* Begin PBXNativeTarget section */
		55538357248B42E9006D5B7D /* GourmetSearch */ = {
			isa = PBXNativeTarget;
			buildConfigurationList = 5553836C248B42EB006D5B7D /* Build configuration list for PBXNativeTarget "GourmetSearch" */;
			buildPhases = (
				8905B0D0352EB62445B97ED8 /* [CP] Check Pods Manifest.lock */,
				55538354248B42E9006D5B7D /* Sources */,
				55538355248B42E9006D5B7D /* Frameworks */,
				55538356248B42E9006D5B7D /* Resources */,
				A09B797851B0A6336D56C5EE /* [CP] Embed Pods Frameworks */,
			);
			buildRules = (
			);
			dependencies = (
			);
			name = GourmetSearch;
			productName = GourmetSearch;
			productReference = 55538358248B42E9006D5B7D /* GourmetSearch.app */;
			productType = "com.apple.product-type.application";
		};
/* End PBXNativeTarget section */

/* Begin PBXProject section */
		55538350248B42E9006D5B7D /* Project object */ = {
			isa = PBXProject;
			attributes = {
				LastSwiftUpdateCheck = 1140;
				LastUpgradeCheck = 1140;
				ORGANIZATIONNAME = "神野成紀";
				TargetAttributes = {
					55538357248B42E9006D5B7D = {
						CreatedOnToolsVersion = 11.4.1;
					};
				};
			};
			buildConfigurationList = 55538353248B42E9006D5B7D /* Build configuration list for PBXProject "GourmetSearch" */;
			compatibilityVersion = "Xcode 9.3";
			developmentRegion = en;
			hasScannedForEncodings = 0;
			knownRegions = (
				en,
				Base,
			);
			mainGroup = 5553834F248B42E9006D5B7D;
			productRefGroup = 55538359248B42E9006D5B7D /* Products */;
			projectDirPath = "";
			projectRoot = "";
			targets = (
				55538357248B42E9006D5B7D /* GourmetSearch */,
			);
		};
/* End PBXProject section */

/* Begin PBXResourcesBuildPhase section */
		55538356248B42E9006D5B7D /* Resources */ = {
			isa = PBXResourcesBuildPhase;
			buildActionMask = 2147483647;
			files = (
				55538368248B42EB006D5B7D /* LaunchScreen.storyboard in Resources */,
				5553837A248BECF0006D5B7D /* CategoryCollectionCell.xib in Resources */,
				5527B672248FD3D500E9CF5D /* ShopDetailListCell.xib in Resources */,
				55612D6C248EDB7F000C1A05 /* ShopListCell.xib in Resources */,
				55538365248B42EB006D5B7D /* Assets.xcassets in Resources */,
				55538363248B42E9006D5B7D /* Main.storyboard in Resources */,
				552E265424921893005F252E /* GoogleService-Info.plist in Resources */,
			);
			runOnlyForDeploymentPostprocessing = 0;
		};
/* End PBXResourcesBuildPhase section */

/* Begin PBXShellScriptBuildPhase section */
		8905B0D0352EB62445B97ED8 /* [CP] Check Pods Manifest.lock */ = {
			isa = PBXShellScriptBuildPhase;
			buildActionMask = 2147483647;
			files = (
			);
			inputFileListPaths = (
			);
			inputPaths = (
				"${PODS_PODFILE_DIR_PATH}/Podfile.lock",
				"${PODS_ROOT}/Manifest.lock",
			);
			name = "[CP] Check Pods Manifest.lock";
			outputFileListPaths = (
			);
			outputPaths = (
				"$(DERIVED_FILE_DIR)/Pods-GourmetSearch-checkManifestLockResult.txt",
			);
			runOnlyForDeploymentPostprocessing = 0;
			shellPath = /bin/sh;
			shellScript = "diff \"${PODS_PODFILE_DIR_PATH}/Podfile.lock\" \"${PODS_ROOT}/Manifest.lock\" > /dev/null\nif [ $? != 0 ] ; then\n    # print error to STDERR\n    echo \"error: The sandbox is not in sync with the Podfile.lock. Run 'pod install' or update your CocoaPods installation.\" >&2\n    exit 1\nfi\n# This output is used by Xcode 'outputs' to avoid re-running this script phase.\necho \"SUCCESS\" > \"${SCRIPT_OUTPUT_FILE_0}\"\n";
			showEnvVarsInLog = 0;
		};
		A09B797851B0A6336D56C5EE /* [CP] Embed Pods Frameworks */ = {
			isa = PBXShellScriptBuildPhase;
			buildActionMask = 2147483647;
			files = (
			);
			inputFileListPaths = (
				"${PODS_ROOT}/Target Support Files/Pods-GourmetSearch/Pods-GourmetSearch-frameworks-${CONFIGURATION}-input-files.xcfilelist",
			);
			name = "[CP] Embed Pods Frameworks";
			outputFileListPaths = (
				"${PODS_ROOT}/Target Support Files/Pods-GourmetSearch/Pods-GourmetSearch-frameworks-${CONFIGURATION}-output-files.xcfilelist",
			);
			runOnlyForDeploymentPostprocessing = 0;
			shellPath = /bin/sh;
			shellScript = "\"${PODS_ROOT}/Target Support Files/Pods-GourmetSearch/Pods-GourmetSearch-frameworks.sh\"\n";
			showEnvVarsInLog = 0;
		};
/* End PBXShellScriptBuildPhase section */

/* Begin PBXSourcesBuildPhase section */
		55538354248B42E9006D5B7D /* Sources */ = {
			isa = PBXSourcesBuildPhase;
			buildActionMask = 2147483647;
			files = (
				55538378248BE6F8006D5B7D /* CategoryCollectionCell.swift in Sources */,
				55612D66248EDA0A000C1A05 /* GourmetListViewController.swift in Sources */,
				55612D64248EA12E000C1A05 /* GourmetData.swift in Sources */,
				55612D68248EDB47000C1A05 /* GourmetListViewPresenter.swift in Sources */,
				55538370248B7E55006D5B7D /* FavoriteViewController.swift in Sources */,
				5527B66E248F9C5700E9CF5D /* ShopDetailViewController.swift in Sources */,
				55538360248B42E9006D5B7D /* FirstViewController.swift in Sources */,
				552E265624921CB0005F252E /* FavoriteViewPresenter.swift in Sources */,
				552E265824921D90005F252E /* ShopDetailViewPresenter.swift in Sources */,
				5527B674248FDCD100E9CF5D /* StaticData.swift in Sources */,
				55612D6B248EDB7F000C1A05 /* ShopListCell.swift in Sources */,
				5553835C248B42E9006D5B7D /* AppDelegate.swift in Sources */,
				55538375248BE54E006D5B7D /* FirstViewPresenter.swift in Sources */,
				5553837C248CDD1C006D5B7D /* Entity.swift in Sources */,
				5553835E248B42E9006D5B7D /* SceneDelegate.swift in Sources */,
				5527B671248FD3D500E9CF5D /* ShopDetailListCell.swift in Sources */,
			);
			runOnlyForDeploymentPostprocessing = 0;
		};
/* End PBXSourcesBuildPhase section */

/* Begin PBXVariantGroup section */
		55538361248B42E9006D5B7D /* Main.storyboard */ = {
			isa = PBXVariantGroup;
			children = (
				55538362248B42E9006D5B7D /* Base */,
			);
			name = Main.storyboard;
			sourceTree = "<group>";
		};
		55538366248B42EB006D5B7D /* LaunchScreen.storyboard */ = {
			isa = PBXVariantGroup;
			children = (
				55538367248B42EB006D5B7D /* Base */,
			);
			name = LaunchScreen.storyboard;
			sourceTree = "<group>";
		};
/* End PBXVariantGroup section */

/* Begin XCBuildConfiguration section */
		5553836A248B42EB006D5B7D /* Debug */ = {
			isa = XCBuildConfiguration;
			buildSettings = {
				ALWAYS_SEARCH_USER_PATHS = NO;
				CLANG_ANALYZER_NONNULL = YES;
				CLANG_ANALYZER_NUMBER_OBJECT_CONVERSION = YES_AGGRESSIVE;
				CLANG_CXX_LANGUAGE_STANDARD = "gnu++14";
				CLANG_CXX_LIBRARY = "libc++";
				CLANG_ENABLE_MODULES = YES;
				CLANG_ENABLE_OBJC_ARC = YES;
				CLANG_ENABLE_OBJC_WEAK = YES;
				CLANG_WARN_BLOCK_CAPTURE_AUTORELEASING = YES;
				CLANG_WARN_BOOL_CONVERSION = YES;
				CLANG_WARN_COMMA = YES;
				CLANG_WARN_CONSTANT_CONVERSION = YES;
				CLANG_WARN_DEPRECATED_OBJC_IMPLEMENTATIONS = YES;
				CLANG_WARN_DIRECT_OBJC_ISA_USAGE = YES_ERROR;
				CLANG_WARN_DOCUMENTATION_COMMENTS = YES;
				CLANG_WARN_EMPTY_BODY = YES;
				CLANG_WARN_ENUM_CONVERSION = YES;
				CLANG_WARN_INFINITE_RECURSION = YES;
				CLANG_WARN_INT_CONVERSION = YES;
				CLANG_WARN_NON_LITERAL_NULL_CONVERSION = YES;
				CLANG_WARN_OBJC_IMPLICIT_RETAIN_SELF = YES;
				CLANG_WARN_OBJC_LITERAL_CONVERSION = YES;
				CLANG_WARN_OBJC_ROOT_CLASS = YES_ERROR;
				CLANG_WARN_RANGE_LOOP_ANALYSIS = YES;
				CLANG_WARN_STRICT_PROTOTYPES = YES;
				CLANG_WARN_SUSPICIOUS_MOVE = YES;
				CLANG_WARN_UNGUARDED_AVAILABILITY = YES_AGGRESSIVE;
				CLANG_WARN_UNREACHABLE_CODE = YES;
				CLANG_WARN__DUPLICATE_METHOD_MATCH = YES;
				COPY_PHASE_STRIP = NO;
				DEBUG_INFORMATION_FORMAT = dwarf;
				ENABLE_STRICT_OBJC_MSGSEND = YES;
				ENABLE_TESTABILITY = YES;
				GCC_C_LANGUAGE_STANDARD = gnu11;
				GCC_DYNAMIC_NO_PIC = NO;
				GCC_NO_COMMON_BLOCKS = YES;
				GCC_OPTIMIZATION_LEVEL = 0;
				GCC_PREPROCESSOR_DEFINITIONS = (
					"DEBUG=1",
					"$(inherited)",
				);
				GCC_WARN_64_TO_32_BIT_CONVERSION = YES;
				GCC_WARN_ABOUT_RETURN_TYPE = YES_ERROR;
				GCC_WARN_UNDECLARED_SELECTOR = YES;
				GCC_WARN_UNINITIALIZED_AUTOS = YES_AGGRESSIVE;
				GCC_WARN_UNUSED_FUNCTION = YES;
				GCC_WARN_UNUSED_VARIABLE = YES;
				IPHONEOS_DEPLOYMENT_TARGET = 13.4;
				MTL_ENABLE_DEBUG_INFO = INCLUDE_SOURCE;
				MTL_FAST_MATH = YES;
				ONLY_ACTIVE_ARCH = YES;
				SDKROOT = iphoneos;
				SWIFT_ACTIVE_COMPILATION_CONDITIONS = DEBUG;
				SWIFT_OPTIMIZATION_LEVEL = "-Onone";
			};
			name = Debug;
		};
		5553836B248B42EB006D5B7D /* Release */ = {
			isa = XCBuildConfiguration;
			buildSettings = {
				ALWAYS_SEARCH_USER_PATHS = NO;
				CLANG_ANALYZER_NONNULL = YES;
				CLANG_ANALYZER_NUMBER_OBJECT_CONVERSION = YES_AGGRESSIVE;
				CLANG_CXX_LANGUAGE_STANDARD = "gnu++14";
				CLANG_CXX_LIBRARY = "libc++";
				CLANG_ENABLE_MODULES = YES;
				CLANG_ENABLE_OBJC_ARC = YES;
				CLANG_ENABLE_OBJC_WEAK = YES;
				CLANG_WARN_BLOCK_CAPTURE_AUTORELEASING = YES;
				CLANG_WARN_BOOL_CONVERSION = YES;
				CLANG_WARN_COMMA = YES;
				CLANG_WARN_CONSTANT_CONVERSION = YES;
				CLANG_WARN_DEPRECATED_OBJC_IMPLEMENTATIONS = YES;
				CLANG_WARN_DIRECT_OBJC_ISA_USAGE = YES_ERROR;
				CLANG_WARN_DOCUMENTATION_COMMENTS = YES;
				CLANG_WARN_EMPTY_BODY = YES;
				CLANG_WARN_ENUM_CONVERSION = YES;
				CLANG_WARN_INFINITE_RECURSION = YES;
				CLANG_WARN_INT_CONVERSION = YES;
				CLANG_WARN_NON_LITERAL_NULL_CONVERSION = YES;
				CLANG_WARN_OBJC_IMPLICIT_RETAIN_SELF = YES;
				CLANG_WARN_OBJC_LITERAL_CONVERSION = YES;
				CLANG_WARN_OBJC_ROOT_CLASS = YES_ERROR;
				CLANG_WARN_RANGE_LOOP_ANALYSIS = YES;
				CLANG_WARN_STRICT_PROTOTYPES = YES;
				CLANG_WARN_SUSPICIOUS_MOVE = YES;
				CLANG_WARN_UNGUARDED_AVAILABILITY = YES_AGGRESSIVE;
				CLANG_WARN_UNREACHABLE_CODE = YES;
				CLANG_WARN__DUPLICATE_METHOD_MATCH = YES;
				COPY_PHASE_STRIP = NO;
				DEBUG_INFORMATION_FORMAT = "dwarf-with-dsym";
				ENABLE_NS_ASSERTIONS = NO;
				ENABLE_STRICT_OBJC_MSGSEND = YES;
				GCC_C_LANGUAGE_STANDARD = gnu11;
				GCC_NO_COMMON_BLOCKS = YES;
				GCC_WARN_64_TO_32_BIT_CONVERSION = YES;
				GCC_WARN_ABOUT_RETURN_TYPE = YES_ERROR;
				GCC_WARN_UNDECLARED_SELECTOR = YES;
				GCC_WARN_UNINITIALIZED_AUTOS = YES_AGGRESSIVE;
				GCC_WARN_UNUSED_FUNCTION = YES;
				GCC_WARN_UNUSED_VARIABLE = YES;
				IPHONEOS_DEPLOYMENT_TARGET = 13.4;
				MTL_ENABLE_DEBUG_INFO = NO;
				MTL_FAST_MATH = YES;
				SDKROOT = iphoneos;
				SWIFT_COMPILATION_MODE = wholemodule;
				SWIFT_OPTIMIZATION_LEVEL = "-O";
				VALIDATE_PRODUCT = YES;
			};
			name = Release;
		};
		5553836D248B42EB006D5B7D /* Debug */ = {
			isa = XCBuildConfiguration;
			baseConfigurationReference = 0E11EF3292154DB1D302CE15 /* Pods-GourmetSearch.debug.xcconfig */;
			buildSettings = {
				ASSETCATALOG_COMPILER_APPICON_NAME = AppIcon;
				CODE_SIGN_STYLE = Automatic;
				INFOPLIST_FILE = GourmetSearch/Info.plist;
				LD_RUNPATH_SEARCH_PATHS = (
					"$(inherited)",
					"@executable_path/Frameworks",
				);
				PRODUCT_BUNDLE_IDENTIFIER = com.jinn.GourmetSearch;
				PRODUCT_NAME = "$(TARGET_NAME)";
				SWIFT_VERSION = 5.0;
				TARGETED_DEVICE_FAMILY = "1,2";
			};
			name = Debug;
		};
		5553836E248B42EB006D5B7D /* Release */ = {
			isa = XCBuildConfiguration;
			baseConfigurationReference = 05865FB615D28F37C16E1B96 /* Pods-GourmetSearch.release.xcconfig */;
			buildSettings = {
				ASSETCATALOG_COMPILER_APPICON_NAME = AppIcon;
				CODE_SIGN_STYLE = Automatic;
				INFOPLIST_FILE = GourmetSearch/Info.plist;
				LD_RUNPATH_SEARCH_PATHS = (
					"$(inherited)",
					"@executable_path/Frameworks",
				);
				PRODUCT_BUNDLE_IDENTIFIER = com.jinn.GourmetSearch;
				PRODUCT_NAME = "$(TARGET_NAME)";
				SWIFT_VERSION = 5.0;
				TARGETED_DEVICE_FAMILY = "1,2";
			};
			name = Release;
		};
/* End XCBuildConfiguration section */

/* Begin XCConfigurationList section */
		55538353248B42E9006D5B7D /* Build configuration list for PBXProject "GourmetSearch" */ = {
			isa = XCConfigurationList;
			buildConfigurations = (
				5553836A248B42EB006D5B7D /* Debug */,
				5553836B248B42EB006D5B7D /* Release */,
			);
			defaultConfigurationIsVisible = 0;
			defaultConfigurationName = Release;
		};
		5553836C248B42EB006D5B7D /* Build configuration list for PBXNativeTarget "GourmetSearch" */ = {
			isa = XCConfigurationList;
			buildConfigurations = (
				5553836D248B42EB006D5B7D /* Debug */,
				5553836E248B42EB006D5B7D /* Release */,
			);
			defaultConfigurationIsVisible = 0;
			defaultConfigurationName = Release;
		};
/* End XCConfigurationList section */
	};
	rootObject = 55538350248B42E9006D5B7D /* Project object */;
}
